
Microsoft Visual Studio Solution File, Format Version 12.00
# Visual Studio 15
VisualStudioVersion = 15.0.26009.0
MinimumVisualStudioVersion = 10.0.40219.1
Project("{FAE04EC0-301F-11D3-BF4B-00C04F79EFBC}") = "UnitLookup.Droid", "UnitLookup.Droid\UnitLookup.Droid.csproj", "{AD60B411-D842-4612-B345-40E36BA53ACF}"
EndProject
Project("{FAE04EC0-301F-11D3-BF4B-00C04F79EFBC}") = "UnitLookup", "UnitLookup\UnitLookup.csproj", "{DE25EDBF-7887-4BFD-BEC9-01E0B2220207}"
EndProject
Project("{FAE04EC0-301F-11D3-BF4B-00C04F79EFBC}") = "UnitLookup.iOS", "UnitLookup.iOS\UnitLookup.iOS.csproj", "{3661091F-D3FE-43D3-8659-D15811D76B60}"
EndProject
Project("{FAE04EC0-301F-11D3-BF4B-00C04F79EFBC}") = "UnitLookup.Services", "UnitLookup.Services\UnitLookup.Services.csproj", "{9B281FFD-AFE1-4EA1-83AC-2D4A06619929}"
EndProject
Global
	GlobalSection(SolutionConfigurationPlatforms) = preSolution
		Ad-Hoc|Any CPU = Ad-Hoc|Any CPU
		Ad-Hoc|iPhone = Ad-Hoc|iPhone
		Ad-Hoc|iPhoneSimulator = Ad-Hoc|iPhoneSimulator
		AppStore|Any CPU = AppStore|Any CPU
		AppStore|iPhone = AppStore|iPhone
		AppStore|iPhoneSimulator = AppStore|iPhoneSimulator
		Debug|Any CPU = Debug|Any CPU
		Debug|iPhone = Debug|iPhone
		Debug|iPhoneSimulator = Debug|iPhoneSimulator
		Release|Any CPU = Release|Any CPU
		Release|iPhone = Release|iPhone
		Release|iPhoneSimulator = Release|iPhoneSimulator
	EndGlobalSection
	GlobalSection(ProjectConfigurationPlatforms) = postSolution
		{AD60B411-D842-4612-B345-40E36BA53ACF}.Ad-Hoc|Any CPU.ActiveCfg = Release|Any CPU
		{AD60B411-D842-4612-B345-40E36BA53ACF}.Ad-Hoc|Any CPU.Build.0 = Release|Any CPU
		{AD60B411-D842-4612-B345-40E36BA53ACF}.Ad-Hoc|Any CPU.Deploy.0 = Release|Any CPU
		{AD60B411-D842-4612-B345-40E36BA53ACF}.Ad-Hoc|iPhone.ActiveCfg = Release|Any CPU
		{AD60B411-D842-4612-B345-40E36BA53ACF}.Ad-Hoc|iPhone.Build.0 = Release|Any CPU
		{AD60B411-D842-4612-B345-40E36BA53ACF}.Ad-Hoc|iPhone.Deploy.0 = Release|Any CPU
		{AD60B411-D842-4612-B345-40E36BA53ACF}.Ad-Hoc|iPhoneSimulator.ActiveCfg = Release|Any CPU
		{AD60B411-D842-4612-B345-40E36BA53ACF}.Ad-Hoc|iPhoneSimulator.Build.0 = Release|Any CPU
		{AD60B411-D842-4612-B345-40E36BA53ACF}.Ad-Hoc|iPhoneSimulator.Deploy.0 = Release|Any CPU
		{AD60B411-D842-4612-B345-40E36BA53ACF}.AppStore|Any CPU.ActiveCfg = Release|Any CPU
		{AD60B411-D842-4612-B345-40E36BA53ACF}.AppStore|Any CPU.Build.0 = Release|Any CPU
		{AD60B411-D842-4612-B345-40E36BA53ACF}.AppStore|Any CPU.Deploy.0 = Release|Any CPU
		{AD60B411-D842-4612-B345-40E36BA53ACF}.AppStore|iPhone.ActiveCfg = Release|Any CPU
		{AD60B411-D842-4612-B345-40E36BA53ACF}.AppStore|iPhone.Build.0 = Release|Any CPU
		{AD60B411-D842-4612-B345-40E36BA53ACF}.AppStore|iPhone.Deploy.0 = Release|Any CPU
		{AD60B411-D842-4612-B345-40E36BA53ACF}.AppStore|iPhoneSimulator.ActiveCfg = Release|Any CPU
		{AD60B411-D842-4612-B345-40E36BA53ACF}.AppStore|iPhoneSimulator.Build.0 = Release|Any CPU
		{AD60B411-D842-4612-B345-40E36BA53ACF}.AppStore|iPhoneSimulator.Deploy.0 = Release|Any CPU
		{AD60B411-D842-4612-B345-40E36BA53ACF}.Debug|Any CPU.ActiveCfg = Debug|Any CPU
		{AD60B411-D842-4612-B345-40E36BA53ACF}.Debug|Any CPU.Build.0 = Debug|Any CPU
		{AD60B411-D842-4612-B345-40E36BA53ACF}.Debug|Any CPU.Deploy.0 = Debug|Any CPU
		{AD60B411-D842-4612-B345-40E36BA53ACF}.Debug|iPhone.ActiveCfg = Debug|Any CPU
		{AD60B411-D842-4612-B345-40E36BA53ACF}.Debug|iPhone.Build.0 = Debug|Any CPU
		{AD60B411-D842-4612-B345-40E36BA53ACF}.Debug|iPhone.Deploy.0 = Debug|Any CPU
		{AD60B411-D842-4612-B345-40E36BA53ACF}.Debug|iPhoneSimulator.ActiveCfg = Debug|Any CPU
		{AD60B411-D842-4612-B345-40E36BA53ACF}.Debug|iPhoneSimulator.Build.0 = Debug|Any CPU
		{AD60B411-D842-4612-B345-40E36BA53ACF}.Debug|iPhoneSimulator.Deploy.0 = Debug|Any CPU
		{AD60B411-D842-4612-B345-40E36BA53ACF}.Release|Any CPU.ActiveCfg = Release|Any CPU
		{AD60B411-D842-4612-B345-40E36BA53ACF}.Release|Any CPU.Build.0 = Release|Any CPU
		{AD60B411-D842-4612-B345-40E36BA53ACF}.Release|Any CPU.Deploy.0 = Release|Any CPU
		{AD60B411-D842-4612-B345-40E36BA53ACF}.Release|iPhone.ActiveCfg = Release|Any CPU
		{AD60B411-D842-4612-B345-40E36BA53ACF}.Release|iPhone.Build.0 = Release|Any CPU
		{AD60B411-D842-4612-B345-40E36BA53ACF}.Release|iPhone.Deploy.0 = Release|Any CPU
		{AD60B411-D842-4612-B345-40E36BA53ACF}.Release|iPhoneSimulator.ActiveCfg = Release|Any CPU
		{AD60B411-D842-4612-B345-40E36BA53ACF}.Release|iPhoneSimulator.Build.0 = Release|Any CPU
		{AD60B411-D842-4612-B345-40E36BA53ACF}.Release|iPhoneSimulator.Deploy.0 = Release|Any CPU
		{DE25EDBF-7887-4BFD-BEC9-01E0B2220207}.Ad-Hoc|Any CPU.ActiveCfg = Release|Any CPU
		{DE25EDBF-7887-4BFD-BEC9-01E0B2220207}.Ad-Hoc|Any CPU.Build.0 = Release|Any CPU
		{DE25EDBF-7887-4BFD-BEC9-01E0B2220207}.Ad-Hoc|iPhone.ActiveCfg = Release|Any CPU
		{DE25EDBF-7887-4BFD-BEC9-01E0B2220207}.Ad-Hoc|iPhone.Build.0 = Release|Any CPU
		{DE25EDBF-7887-4BFD-BEC9-01E0B2220207}.Ad-Hoc|iPhoneSimulator.ActiveCfg = Release|Any CPU
		{DE25EDBF-7887-4BFD-BEC9-01E0B2220207}.Ad-Hoc|iPhoneSimulator.Build.0 = Release|Any CPU
		{DE25EDBF-7887-4BFD-BEC9-01E0B2220207}.AppStore|Any CPU.ActiveCfg = Release|Any CPU
		{DE25EDBF-7887-4BFD-BEC9-01E0B2220207}.AppStore|Any CPU.Build.0 = Release|Any CPU
		{DE25EDBF-7887-4BFD-BEC9-01E0B2220207}.AppStore|iPhone.ActiveCfg = Release|Any CPU
		{DE25EDBF-7887-4BFD-BEC9-01E0B2220207}.AppStore|iPhone.Build.0 = Release|Any CPU
		{DE25EDBF-7887-4BFD-BEC9-01E0B2220207}.AppStore|iPhoneSimulator.ActiveCfg = Release|Any CPU
		{DE25EDBF-7887-4BFD-BEC9-01E0B2220207}.AppStore|iPhoneSimulator.Build.0 = Release|Any CPU
		{DE25EDBF-7887-4BFD-BEC9-01E0B2220207}.Debug|Any CPU.ActiveCfg = Debug|Any CPU
		{DE25EDBF-7887-4BFD-BEC9-01E0B2220207}.Debug|Any CPU.Build.0 = Debug|Any CPU
		{DE25EDBF-7887-4BFD-BEC9-01E0B2220207}.Debug|iPhone.ActiveCfg = Debug|Any CPU
		{DE25EDBF-7887-4BFD-BEC9-01E0B2220207}.Debug|iPhone.Build.0 = Debug|Any CPU
		{DE25EDBF-7887-4BFD-BEC9-01E0B2220207}.Debug|iPhoneSimulator.ActiveCfg = Debug|Any CPU
		{DE25EDBF-7887-4BFD-BEC9-01E0B2220207}.Debug|iPhoneSimulator.Build.0 = Debug|Any CPU
		{DE25EDBF-7887-4BFD-BEC9-01E0B2220207}.Release|Any CPU.ActiveCfg = Release|Any CPU
		{DE25EDBF-7887-4BFD-BEC9-01E0B2220207}.Release|Any CPU.Build.0 = Release|Any CPU
		{DE25EDBF-7887-4BFD-BEC9-01E0B2220207}.Release|iPhone.ActiveCfg = Release|Any CPU
		{DE25EDBF-7887-4BFD-BEC9-01E0B2220207}.Release|iPhone.Build.0 = Release|Any CPU
		{DE25EDBF-7887-4BFD-BEC9-01E0B2220207}.Release|iPhoneSimulator.ActiveCfg = Release|Any CPU
		{DE25EDBF-7887-4BFD-BEC9-01E0B2220207}.Release|iPhoneSimulator.Build.0 = Release|Any CPU
		{3661091F-D3FE-43D3-8659-D15811D76B60}.Ad-Hoc|Any CPU.ActiveCfg = Ad-Hoc|iPhone
		{3661091F-D3FE-43D3-8659-D15811D76B60}.Ad-Hoc|iPhone.ActiveCfg = Ad-Hoc|iPhone
		{3661091F-D3FE-43D3-8659-D15811D76B60}.Ad-Hoc|iPhone.Build.0 = Ad-Hoc|iPhone
		{3661091F-D3FE-43D3-8659-D15811D76B60}.Ad-Hoc|iPhoneSimulator.ActiveCfg = Ad-Hoc|iPhoneSimulator
		{3661091F-D3FE-43D3-8659-D15811D76B60}.Ad-Hoc|iPhoneSimulator.Build.0 = Ad-Hoc|iPhoneSimulator
		{3661091F-D3FE-43D3-8659-D15811D76B60}.AppStore|Any CPU.ActiveCfg = AppStore|iPhone
		{3661091F-D3FE-43D3-8659-D15811D76B60}.AppStore|iPhone.ActiveCfg = AppStore|iPhone
		{3661091F-D3FE-43D3-8659-D15811D76B60}.AppStore|iPhone.Build.0 = AppStore|iPhone
		{3661091F-D3FE-43D3-8659-D15811D76B60}.AppStore|iPhoneSimulator.ActiveCfg = AppStore|iPhoneSimulator
		{3661091F-D3FE-43D3-8659-D15811D76B60}.AppStore|iPhoneSimulator.Build.0 = AppStore|iPhoneSimulator
		{3661091F-D3FE-43D3-8659-D15811D76B60}.Debug|Any CPU.ActiveCfg = Debug|iPhone
		{3661091F-D3FE-43D3-8659-D15811D76B60}.Debug|iPhone.ActiveCfg = Debug|iPhone
		{3661091F-D3FE-43D3-8659-D15811D76B60}.Debug|iPhone.Build.0 = Debug|iPhone
		{3661091F-D3FE-43D3-8659-D15811D76B60}.Debug|iPhoneSimulator.ActiveCfg = Debug|iPhoneSimulator
		{3661091F-D3FE-43D3-8659-D15811D76B60}.Debug|iPhoneSimulator.Build.0 = Debug|iPhoneSimulator
		{3661091F-D3FE-43D3-8659-D15811D76B60}.Release|Any CPU.ActiveCfg = Release|iPhone
		{3661091F-D3FE-43D3-8659-D15811D76B60}.Release|iPhone.ActiveCfg = Release|iPhone
		{3661091F-D3FE-43D3-8659-D15811D76B60}.Release|iPhone.Build.0 = Release|iPhone
		{3661091F-D3FE-43D3-8659-D15811D76B60}.Release|iPhoneSimulator.ActiveCfg = Release|iPhoneSimulator
		{3661091F-D3FE-43D3-8659-D15811D76B60}.Release|iPhoneSimulator.Build.0 = Release|iPhoneSimulator
		{3661091F-D3FE-43D3-8659-D15811D76B60}.Ad-Hoc|Any CPU.Build.0 = Ad-Hoc|iPhone
		{3661091F-D3FE-43D3-8659-D15811D76B60}.Debug|Any CPU.Build.0 = Debug|iPhone
		{9B281FFD-AFE1-4EA1-83AC-2D4A06619929}.Ad-Hoc|Any CPU.ActiveCfg = Release|Any CPU
		{9B281FFD-AFE1-4EA1-83AC-2D4A06619929}.Ad-Hoc|Any CPU.Build.0 = Release|Any CPU
		{9B281FFD-AFE1-4EA1-83AC-2D4A06619929}.Ad-Hoc|iPhone.ActiveCfg = Release|Any CPU
		{9B281FFD-AFE1-4EA1-83AC-2D4A06619929}.Ad-Hoc|iPhone.Build.0 = Release|Any CPU
		{9B281FFD-AFE1-4EA1-83AC-2D4A06619929}.Ad-Hoc|iPhoneSimulator.ActiveCfg = Release|Any CPU
		{9B281FFD-AFE1-4EA1-83AC-2D4A06619929}.Ad-Hoc|iPhoneSimulator.Build.0 = Release|Any CPU
		{9B281FFD-AFE1-4EA1-83AC-2D4A06619929}.AppStore|Any CPU.ActiveCfg = Release|Any CPU
		{9B281FFD-AFE1-4EA1-83AC-2D4A06619929}.AppStore|Any CPU.Build.0 = Release|Any CPU
		{9B281FFD-AFE1-4EA1-83AC-2D4A06619929}.AppStore|iPhone.ActiveCfg = Release|Any CPU
		{9B281FFD-AFE1-4EA1-83AC-2D4A06619929}.AppStore|iPhone.Build.0 = Release|Any CPU
		{9B281FFD-AFE1-4EA1-83AC-2D4A06619929}.AppStore|iPhoneSimulator.ActiveCfg = Release|Any CPU
		{9B281FFD-AFE1-4EA1-83AC-2D4A06619929}.AppStore|iPhoneSimulator.Build.0 = Release|Any CPU
		{9B281FFD-AFE1-4EA1-83AC-2D4A06619929}.Debug|Any CPU.ActiveCfg = Debug|Any CPU
		{9B281FFD-AFE1-4EA1-83AC-2D4A06619929}.Debug|Any CPU.Build.0 = Debug|Any CPU
		{9B281FFD-AFE1-4EA1-83AC-2D4A06619929}.Debug|iPhone.ActiveCfg = Debug|Any CPU
		{9B281FFD-AFE1-4EA1-83AC-2D4A06619929}.Debug|iPhone.Build.0 = Debug|Any CPU
		{9B281FFD-AFE1-4EA1-83AC-2D4A06619929}.Debug|iPhoneSimulator.ActiveCfg = Debug|Any CPU
		{9B281FFD-AFE1-4EA1-83AC-2D4A06619929}.Debug|iPhoneSimulator.Build.0 = Debug|Any CPU
		{9B281FFD-AFE1-4EA1-83AC-2D4A06619929}.Release|Any CPU.ActiveCfg = Release|Any CPU
		{9B281FFD-AFE1-4EA1-83AC-2D4A06619929}.Release|Any CPU.Build.0 = Release|Any CPU
		{9B281FFD-AFE1-4EA1-83AC-2D4A06619929}.Release|iPhone.ActiveCfg = Release|Any CPU
		{9B281FFD-AFE1-4EA1-83AC-2D4A06619929}.Release|iPhone.Build.0 = Release|Any CPU
		{9B281FFD-AFE1-4EA1-83AC-2D4A06619929}.Release|iPhoneSimulator.ActiveCfg = Release|Any CPU
		{9B281FFD-AFE1-4EA1-83AC-2D4A06619929}.Release|iPhoneSimulator.Build.0 = Release|Any CPU
	EndGlobalSection
	GlobalSection(SolutionProperties) = preSolution
		HideSolutionNode = FALSE
	EndGlobalSection
EndGlobal
