
Microsoft Visual Studio Solution File, Format Version 12.00
# Visual Studio 15
VisualStudioVersion = 15.0.26009.0
MinimumVisualStudioVersion = 10.0.40219.1
Project("{FAE04EC0-301F-11D3-BF4B-00C04F79EFBC}") = "ControlsTest.Droid", "ControlsTest.Droid\ControlsTest.Droid.csproj", "{88B95044-DAD4-4656-9D83-6796EB0E6A10}"
EndProject
Project("{FAE04EC0-301F-11D3-BF4B-00C04F79EFBC}") = "ControlsTest", "ControlsTest\ControlsTest.csproj", "{BDB960A2-79CB-4B1F-8D8E-139904D6054E}"
EndProject
Project("{FAE04EC0-301F-11D3-BF4B-00C04F79EFBC}") = "ControlsTest.UWP", "ControlsTest.UWP\ControlsTest.UWP.csproj", "{A3C6FA98-17B7-44D5-B842-C28451E749FC}"
EndProject
Project("{FAE04EC0-301F-11D3-BF4B-00C04F79EFBC}") = "ControlsTest.iOS", "ControlsTest.iOS\ControlsTest.iOS.csproj", "{59F97931-0C64-45FA-A172-6E2204029C7A}"
EndProject
Global
	GlobalSection(SolutionConfigurationPlatforms) = preSolution
		Ad-Hoc|Any CPU = Ad-Hoc|Any CPU
		Ad-Hoc|ARM = Ad-Hoc|ARM
		Ad-Hoc|iPhone = Ad-Hoc|iPhone
		Ad-Hoc|iPhoneSimulator = Ad-Hoc|iPhoneSimulator
		Ad-Hoc|x64 = Ad-Hoc|x64
		Ad-Hoc|x86 = Ad-Hoc|x86
		AppStore|Any CPU = AppStore|Any CPU
		AppStore|ARM = AppStore|ARM
		AppStore|iPhone = AppStore|iPhone
		AppStore|iPhoneSimulator = AppStore|iPhoneSimulator
		AppStore|x64 = AppStore|x64
		AppStore|x86 = AppStore|x86
		Debug|Any CPU = Debug|Any CPU
		Debug|ARM = Debug|ARM
		Debug|iPhone = Debug|iPhone
		Debug|iPhoneSimulator = Debug|iPhoneSimulator
		Debug|x64 = Debug|x64
		Debug|x86 = Debug|x86
		Release|Any CPU = Release|Any CPU
		Release|ARM = Release|ARM
		Release|iPhone = Release|iPhone
		Release|iPhoneSimulator = Release|iPhoneSimulator
		Release|x64 = Release|x64
		Release|x86 = Release|x86
	EndGlobalSection
	GlobalSection(ProjectConfigurationPlatforms) = postSolution
		{88B95044-DAD4-4656-9D83-6796EB0E6A10}.Ad-Hoc|Any CPU.ActiveCfg = Release|Any CPU
		{88B95044-DAD4-4656-9D83-6796EB0E6A10}.Ad-Hoc|Any CPU.Build.0 = Release|Any CPU
		{88B95044-DAD4-4656-9D83-6796EB0E6A10}.Ad-Hoc|Any CPU.Deploy.0 = Release|Any CPU
		{88B95044-DAD4-4656-9D83-6796EB0E6A10}.Ad-Hoc|ARM.ActiveCfg = Release|Any CPU
		{88B95044-DAD4-4656-9D83-6796EB0E6A10}.Ad-Hoc|ARM.Build.0 = Release|Any CPU
		{88B95044-DAD4-4656-9D83-6796EB0E6A10}.Ad-Hoc|ARM.Deploy.0 = Release|Any CPU
		{88B95044-DAD4-4656-9D83-6796EB0E6A10}.Ad-Hoc|iPhone.ActiveCfg = Release|Any CPU
		{88B95044-DAD4-4656-9D83-6796EB0E6A10}.Ad-Hoc|iPhone.Build.0 = Release|Any CPU
		{88B95044-DAD4-4656-9D83-6796EB0E6A10}.Ad-Hoc|iPhone.Deploy.0 = Release|Any CPU
		{88B95044-DAD4-4656-9D83-6796EB0E6A10}.Ad-Hoc|iPhoneSimulator.ActiveCfg = Release|Any CPU
		{88B95044-DAD4-4656-9D83-6796EB0E6A10}.Ad-Hoc|iPhoneSimulator.Build.0 = Release|Any CPU
		{88B95044-DAD4-4656-9D83-6796EB0E6A10}.Ad-Hoc|iPhoneSimulator.Deploy.0 = Release|Any CPU
		{88B95044-DAD4-4656-9D83-6796EB0E6A10}.Ad-Hoc|x64.ActiveCfg = Release|Any CPU
		{88B95044-DAD4-4656-9D83-6796EB0E6A10}.Ad-Hoc|x64.Build.0 = Release|Any CPU
		{88B95044-DAD4-4656-9D83-6796EB0E6A10}.Ad-Hoc|x64.Deploy.0 = Release|Any CPU
		{88B95044-DAD4-4656-9D83-6796EB0E6A10}.Ad-Hoc|x86.ActiveCfg = Release|Any CPU
		{88B95044-DAD4-4656-9D83-6796EB0E6A10}.Ad-Hoc|x86.Build.0 = Release|Any CPU
		{88B95044-DAD4-4656-9D83-6796EB0E6A10}.Ad-Hoc|x86.Deploy.0 = Release|Any CPU
		{88B95044-DAD4-4656-9D83-6796EB0E6A10}.AppStore|Any CPU.ActiveCfg = Release|Any CPU
		{88B95044-DAD4-4656-9D83-6796EB0E6A10}.AppStore|Any CPU.Build.0 = Release|Any CPU
		{88B95044-DAD4-4656-9D83-6796EB0E6A10}.AppStore|Any CPU.Deploy.0 = Release|Any CPU
		{88B95044-DAD4-4656-9D83-6796EB0E6A10}.AppStore|ARM.ActiveCfg = Release|Any CPU
		{88B95044-DAD4-4656-9D83-6796EB0E6A10}.AppStore|ARM.Build.0 = Release|Any CPU
		{88B95044-DAD4-4656-9D83-6796EB0E6A10}.AppStore|ARM.Deploy.0 = Release|Any CPU
		{88B95044-DAD4-4656-9D83-6796EB0E6A10}.AppStore|iPhone.ActiveCfg = Release|Any CPU
		{88B95044-DAD4-4656-9D83-6796EB0E6A10}.AppStore|iPhone.Build.0 = Release|Any CPU
		{88B95044-DAD4-4656-9D83-6796EB0E6A10}.AppStore|iPhone.Deploy.0 = Release|Any CPU
		{88B95044-DAD4-4656-9D83-6796EB0E6A10}.AppStore|iPhoneSimulator.ActiveCfg = Release|Any CPU
		{88B95044-DAD4-4656-9D83-6796EB0E6A10}.AppStore|iPhoneSimulator.Build.0 = Release|Any CPU
		{88B95044-DAD4-4656-9D83-6796EB0E6A10}.AppStore|iPhoneSimulator.Deploy.0 = Release|Any CPU
		{88B95044-DAD4-4656-9D83-6796EB0E6A10}.AppStore|x64.ActiveCfg = Release|Any CPU
		{88B95044-DAD4-4656-9D83-6796EB0E6A10}.AppStore|x64.Build.0 = Release|Any CPU
		{88B95044-DAD4-4656-9D83-6796EB0E6A10}.AppStore|x64.Deploy.0 = Release|Any CPU
		{88B95044-DAD4-4656-9D83-6796EB0E6A10}.AppStore|x86.ActiveCfg = Release|Any CPU
		{88B95044-DAD4-4656-9D83-6796EB0E6A10}.AppStore|x86.Build.0 = Release|Any CPU
		{88B95044-DAD4-4656-9D83-6796EB0E6A10}.AppStore|x86.Deploy.0 = Release|Any CPU
		{88B95044-DAD4-4656-9D83-6796EB0E6A10}.Debug|Any CPU.ActiveCfg = Debug|Any CPU
		{88B95044-DAD4-4656-9D83-6796EB0E6A10}.Debug|Any CPU.Build.0 = Debug|Any CPU
		{88B95044-DAD4-4656-9D83-6796EB0E6A10}.Debug|Any CPU.Deploy.0 = Debug|Any CPU
		{88B95044-DAD4-4656-9D83-6796EB0E6A10}.Debug|ARM.ActiveCfg = Debug|Any CPU
		{88B95044-DAD4-4656-9D83-6796EB0E6A10}.Debug|ARM.Build.0 = Debug|Any CPU
		{88B95044-DAD4-4656-9D83-6796EB0E6A10}.Debug|ARM.Deploy.0 = Debug|Any CPU
		{88B95044-DAD4-4656-9D83-6796EB0E6A10}.Debug|iPhone.ActiveCfg = Debug|Any CPU
		{88B95044-DAD4-4656-9D83-6796EB0E6A10}.Debug|iPhone.Build.0 = Debug|Any CPU
		{88B95044-DAD4-4656-9D83-6796EB0E6A10}.Debug|iPhone.Deploy.0 = Debug|Any CPU
		{88B95044-DAD4-4656-9D83-6796EB0E6A10}.Debug|iPhoneSimulator.ActiveCfg = Debug|Any CPU
		{88B95044-DAD4-4656-9D83-6796EB0E6A10}.Debug|iPhoneSimulator.Build.0 = Debug|Any CPU
		{88B95044-DAD4-4656-9D83-6796EB0E6A10}.Debug|iPhoneSimulator.Deploy.0 = Debug|Any CPU
		{88B95044-DAD4-4656-9D83-6796EB0E6A10}.Debug|x64.ActiveCfg = Debug|Any CPU
		{88B95044-DAD4-4656-9D83-6796EB0E6A10}.Debug|x64.Build.0 = Debug|Any CPU
		{88B95044-DAD4-4656-9D83-6796EB0E6A10}.Debug|x64.Deploy.0 = Debug|Any CPU
		{88B95044-DAD4-4656-9D83-6796EB0E6A10}.Debug|x86.ActiveCfg = Debug|Any CPU
		{88B95044-DAD4-4656-9D83-6796EB0E6A10}.Debug|x86.Build.0 = Debug|Any CPU
		{88B95044-DAD4-4656-9D83-6796EB0E6A10}.Debug|x86.Deploy.0 = Debug|Any CPU
		{88B95044-DAD4-4656-9D83-6796EB0E6A10}.Release|Any CPU.ActiveCfg = Release|Any CPU
		{88B95044-DAD4-4656-9D83-6796EB0E6A10}.Release|Any CPU.Build.0 = Release|Any CPU
		{88B95044-DAD4-4656-9D83-6796EB0E6A10}.Release|Any CPU.Deploy.0 = Release|Any CPU
		{88B95044-DAD4-4656-9D83-6796EB0E6A10}.Release|ARM.ActiveCfg = Release|Any CPU
		{88B95044-DAD4-4656-9D83-6796EB0E6A10}.Release|ARM.Build.0 = Release|Any CPU
		{88B95044-DAD4-4656-9D83-6796EB0E6A10}.Release|ARM.Deploy.0 = Release|Any CPU
		{88B95044-DAD4-4656-9D83-6796EB0E6A10}.Release|iPhone.ActiveCfg = Release|Any CPU
		{88B95044-DAD4-4656-9D83-6796EB0E6A10}.Release|iPhone.Build.0 = Release|Any CPU
		{88B95044-DAD4-4656-9D83-6796EB0E6A10}.Release|iPhone.Deploy.0 = Release|Any CPU
		{88B95044-DAD4-4656-9D83-6796EB0E6A10}.Release|iPhoneSimulator.ActiveCfg = Release|Any CPU
		{88B95044-DAD4-4656-9D83-6796EB0E6A10}.Release|iPhoneSimulator.Build.0 = Release|Any CPU
		{88B95044-DAD4-4656-9D83-6796EB0E6A10}.Release|iPhoneSimulator.Deploy.0 = Release|Any CPU
		{88B95044-DAD4-4656-9D83-6796EB0E6A10}.Release|x64.ActiveCfg = Release|Any CPU
		{88B95044-DAD4-4656-9D83-6796EB0E6A10}.Release|x64.Build.0 = Release|Any CPU
		{88B95044-DAD4-4656-9D83-6796EB0E6A10}.Release|x64.Deploy.0 = Release|Any CPU
		{88B95044-DAD4-4656-9D83-6796EB0E6A10}.Release|x86.ActiveCfg = Release|Any CPU
		{88B95044-DAD4-4656-9D83-6796EB0E6A10}.Release|x86.Build.0 = Release|Any CPU
		{88B95044-DAD4-4656-9D83-6796EB0E6A10}.Release|x86.Deploy.0 = Release|Any CPU
		{BDB960A2-79CB-4B1F-8D8E-139904D6054E}.Ad-Hoc|Any CPU.ActiveCfg = Release|Any CPU
		{BDB960A2-79CB-4B1F-8D8E-139904D6054E}.Ad-Hoc|Any CPU.Build.0 = Release|Any CPU
		{BDB960A2-79CB-4B1F-8D8E-139904D6054E}.Ad-Hoc|ARM.ActiveCfg = Release|Any CPU
		{BDB960A2-79CB-4B1F-8D8E-139904D6054E}.Ad-Hoc|ARM.Build.0 = Release|Any CPU
		{BDB960A2-79CB-4B1F-8D8E-139904D6054E}.Ad-Hoc|iPhone.ActiveCfg = Release|Any CPU
		{BDB960A2-79CB-4B1F-8D8E-139904D6054E}.Ad-Hoc|iPhone.Build.0 = Release|Any CPU
		{BDB960A2-79CB-4B1F-8D8E-139904D6054E}.Ad-Hoc|iPhoneSimulator.ActiveCfg = Release|Any CPU
		{BDB960A2-79CB-4B1F-8D8E-139904D6054E}.Ad-Hoc|iPhoneSimulator.Build.0 = Release|Any CPU
		{BDB960A2-79CB-4B1F-8D8E-139904D6054E}.Ad-Hoc|x64.ActiveCfg = Release|Any CPU
		{BDB960A2-79CB-4B1F-8D8E-139904D6054E}.Ad-Hoc|x64.Build.0 = Release|Any CPU
		{BDB960A2-79CB-4B1F-8D8E-139904D6054E}.Ad-Hoc|x86.ActiveCfg = Release|Any CPU
		{BDB960A2-79CB-4B1F-8D8E-139904D6054E}.Ad-Hoc|x86.Build.0 = Release|Any CPU
		{BDB960A2-79CB-4B1F-8D8E-139904D6054E}.AppStore|Any CPU.ActiveCfg = Release|Any CPU
		{BDB960A2-79CB-4B1F-8D8E-139904D6054E}.AppStore|Any CPU.Build.0 = Release|Any CPU
		{BDB960A2-79CB-4B1F-8D8E-139904D6054E}.AppStore|ARM.ActiveCfg = Release|Any CPU
		{BDB960A2-79CB-4B1F-8D8E-139904D6054E}.AppStore|ARM.Build.0 = Release|Any CPU
		{BDB960A2-79CB-4B1F-8D8E-139904D6054E}.AppStore|iPhone.ActiveCfg = Release|Any CPU
		{BDB960A2-79CB-4B1F-8D8E-139904D6054E}.AppStore|iPhone.Build.0 = Release|Any CPU
		{BDB960A2-79CB-4B1F-8D8E-139904D6054E}.AppStore|iPhoneSimulator.ActiveCfg = Release|Any CPU
		{BDB960A2-79CB-4B1F-8D8E-139904D6054E}.AppStore|iPhoneSimulator.Build.0 = Release|Any CPU
		{BDB960A2-79CB-4B1F-8D8E-139904D6054E}.AppStore|x64.ActiveCfg = Release|Any CPU
		{BDB960A2-79CB-4B1F-8D8E-139904D6054E}.AppStore|x64.Build.0 = Release|Any CPU
		{BDB960A2-79CB-4B1F-8D8E-139904D6054E}.AppStore|x86.ActiveCfg = Release|Any CPU
		{BDB960A2-79CB-4B1F-8D8E-139904D6054E}.AppStore|x86.Build.0 = Release|Any CPU
		{BDB960A2-79CB-4B1F-8D8E-139904D6054E}.Debug|Any CPU.ActiveCfg = Debug|Any CPU
		{BDB960A2-79CB-4B1F-8D8E-139904D6054E}.Debug|Any CPU.Build.0 = Debug|Any CPU
		{BDB960A2-79CB-4B1F-8D8E-139904D6054E}.Debug|ARM.ActiveCfg = Debug|Any CPU
		{BDB960A2-79CB-4B1F-8D8E-139904D6054E}.Debug|ARM.Build.0 = Debug|Any CPU
		{BDB960A2-79CB-4B1F-8D8E-139904D6054E}.Debug|iPhone.ActiveCfg = Debug|Any CPU
		{BDB960A2-79CB-4B1F-8D8E-139904D6054E}.Debug|iPhone.Build.0 = Debug|Any CPU
		{BDB960A2-79CB-4B1F-8D8E-139904D6054E}.Debug|iPhoneSimulator.ActiveCfg = Debug|Any CPU
		{BDB960A2-79CB-4B1F-8D8E-139904D6054E}.Debug|iPhoneSimulator.Build.0 = Debug|Any CPU
		{BDB960A2-79CB-4B1F-8D8E-139904D6054E}.Debug|x64.ActiveCfg = Debug|Any CPU
		{BDB960A2-79CB-4B1F-8D8E-139904D6054E}.Debug|x64.Build.0 = Debug|Any CPU
		{BDB960A2-79CB-4B1F-8D8E-139904D6054E}.Debug|x86.ActiveCfg = Debug|Any CPU
		{BDB960A2-79CB-4B1F-8D8E-139904D6054E}.Debug|x86.Build.0 = Debug|Any CPU
		{BDB960A2-79CB-4B1F-8D8E-139904D6054E}.Release|Any CPU.ActiveCfg = Release|Any CPU
		{BDB960A2-79CB-4B1F-8D8E-139904D6054E}.Release|Any CPU.Build.0 = Release|Any CPU
		{BDB960A2-79CB-4B1F-8D8E-139904D6054E}.Release|ARM.ActiveCfg = Release|Any CPU
		{BDB960A2-79CB-4B1F-8D8E-139904D6054E}.Release|ARM.Build.0 = Release|Any CPU
		{BDB960A2-79CB-4B1F-8D8E-139904D6054E}.Release|iPhone.ActiveCfg = Release|Any CPU
		{BDB960A2-79CB-4B1F-8D8E-139904D6054E}.Release|iPhone.Build.0 = Release|Any CPU
		{BDB960A2-79CB-4B1F-8D8E-139904D6054E}.Release|iPhoneSimulator.ActiveCfg = Release|Any CPU
		{BDB960A2-79CB-4B1F-8D8E-139904D6054E}.Release|iPhoneSimulator.Build.0 = Release|Any CPU
		{BDB960A2-79CB-4B1F-8D8E-139904D6054E}.Release|x64.ActiveCfg = Release|Any CPU
		{BDB960A2-79CB-4B1F-8D8E-139904D6054E}.Release|x64.Build.0 = Release|Any CPU
		{BDB960A2-79CB-4B1F-8D8E-139904D6054E}.Release|x86.ActiveCfg = Release|Any CPU
		{BDB960A2-79CB-4B1F-8D8E-139904D6054E}.Release|x86.Build.0 = Release|Any CPU
		{A3C6FA98-17B7-44D5-B842-C28451E749FC}.Ad-Hoc|Any CPU.ActiveCfg = Release|x86
		{A3C6FA98-17B7-44D5-B842-C28451E749FC}.Ad-Hoc|Any CPU.Build.0 = Release|x86
		{A3C6FA98-17B7-44D5-B842-C28451E749FC}.Ad-Hoc|Any CPU.Deploy.0 = Release|x86
		{A3C6FA98-17B7-44D5-B842-C28451E749FC}.Ad-Hoc|ARM.ActiveCfg = Release|ARM
		{A3C6FA98-17B7-44D5-B842-C28451E749FC}.Ad-Hoc|ARM.Build.0 = Release|ARM
		{A3C6FA98-17B7-44D5-B842-C28451E749FC}.Ad-Hoc|ARM.Deploy.0 = Release|ARM
		{A3C6FA98-17B7-44D5-B842-C28451E749FC}.Ad-Hoc|iPhone.ActiveCfg = Release|x86
		{A3C6FA98-17B7-44D5-B842-C28451E749FC}.Ad-Hoc|iPhone.Build.0 = Release|x86
		{A3C6FA98-17B7-44D5-B842-C28451E749FC}.Ad-Hoc|iPhone.Deploy.0 = Release|x86
		{A3C6FA98-17B7-44D5-B842-C28451E749FC}.Ad-Hoc|iPhoneSimulator.ActiveCfg = Release|x86
		{A3C6FA98-17B7-44D5-B842-C28451E749FC}.Ad-Hoc|iPhoneSimulator.Build.0 = Release|x86
		{A3C6FA98-17B7-44D5-B842-C28451E749FC}.Ad-Hoc|iPhoneSimulator.Deploy.0 = Release|x86
		{A3C6FA98-17B7-44D5-B842-C28451E749FC}.Ad-Hoc|x64.ActiveCfg = Release|x64
		{A3C6FA98-17B7-44D5-B842-C28451E749FC}.Ad-Hoc|x64.Build.0 = Release|x64
		{A3C6FA98-17B7-44D5-B842-C28451E749FC}.Ad-Hoc|x64.Deploy.0 = Release|x64
		{A3C6FA98-17B7-44D5-B842-C28451E749FC}.Ad-Hoc|x86.ActiveCfg = Release|x86
		{A3C6FA98-17B7-44D5-B842-C28451E749FC}.Ad-Hoc|x86.Build.0 = Release|x86
		{A3C6FA98-17B7-44D5-B842-C28451E749FC}.Ad-Hoc|x86.Deploy.0 = Release|x86
		{A3C6FA98-17B7-44D5-B842-C28451E749FC}.AppStore|Any CPU.ActiveCfg = Release|x86
		{A3C6FA98-17B7-44D5-B842-C28451E749FC}.AppStore|Any CPU.Build.0 = Release|x86
		{A3C6FA98-17B7-44D5-B842-C28451E749FC}.AppStore|Any CPU.Deploy.0 = Release|x86
		{A3C6FA98-17B7-44D5-B842-C28451E749FC}.AppStore|ARM.ActiveCfg = Release|ARM
		{A3C6FA98-17B7-44D5-B842-C28451E749FC}.AppStore|ARM.Build.0 = Release|ARM
		{A3C6FA98-17B7-44D5-B842-C28451E749FC}.AppStore|ARM.Deploy.0 = Release|ARM
		{A3C6FA98-17B7-44D5-B842-C28451E749FC}.AppStore|iPhone.ActiveCfg = Release|x86
		{A3C6FA98-17B7-44D5-B842-C28451E749FC}.AppStore|iPhone.Build.0 = Release|x86
		{A3C6FA98-17B7-44D5-B842-C28451E749FC}.AppStore|iPhone.Deploy.0 = Release|x86
		{A3C6FA98-17B7-44D5-B842-C28451E749FC}.AppStore|iPhoneSimulator.ActiveCfg = Release|x86
		{A3C6FA98-17B7-44D5-B842-C28451E749FC}.AppStore|iPhoneSimulator.Build.0 = Release|x86
		{A3C6FA98-17B7-44D5-B842-C28451E749FC}.AppStore|iPhoneSimulator.Deploy.0 = Release|x86
		{A3C6FA98-17B7-44D5-B842-C28451E749FC}.AppStore|x64.ActiveCfg = Release|x64
		{A3C6FA98-17B7-44D5-B842-C28451E749FC}.AppStore|x64.Build.0 = Release|x64
		{A3C6FA98-17B7-44D5-B842-C28451E749FC}.AppStore|x64.Deploy.0 = Release|x64
		{A3C6FA98-17B7-44D5-B842-C28451E749FC}.AppStore|x86.ActiveCfg = Release|x86
		{A3C6FA98-17B7-44D5-B842-C28451E749FC}.AppStore|x86.Build.0 = Release|x86
		{A3C6FA98-17B7-44D5-B842-C28451E749FC}.AppStore|x86.Deploy.0 = Release|x86
		{A3C6FA98-17B7-44D5-B842-C28451E749FC}.Debug|Any CPU.ActiveCfg = Debug|x86
		{A3C6FA98-17B7-44D5-B842-C28451E749FC}.Debug|Any CPU.Build.0 = Debug|x86
		{A3C6FA98-17B7-44D5-B842-C28451E749FC}.Debug|Any CPU.Deploy.0 = Debug|x86
		{A3C6FA98-17B7-44D5-B842-C28451E749FC}.Debug|ARM.ActiveCfg = Debug|ARM
		{A3C6FA98-17B7-44D5-B842-C28451E749FC}.Debug|ARM.Build.0 = Debug|ARM
		{A3C6FA98-17B7-44D5-B842-C28451E749FC}.Debug|ARM.Deploy.0 = Debug|ARM
		{A3C6FA98-17B7-44D5-B842-C28451E749FC}.Debug|iPhone.ActiveCfg = Debug|x86
		{A3C6FA98-17B7-44D5-B842-C28451E749FC}.Debug|iPhoneSimulator.ActiveCfg = Debug|x86
		{A3C6FA98-17B7-44D5-B842-C28451E749FC}.Debug|x64.ActiveCfg = Debug|x64
		{A3C6FA98-17B7-44D5-B842-C28451E749FC}.Debug|x64.Build.0 = Debug|x64
		{A3C6FA98-17B7-44D5-B842-C28451E749FC}.Debug|x64.Deploy.0 = Debug|x64
		{A3C6FA98-17B7-44D5-B842-C28451E749FC}.Debug|x86.ActiveCfg = Debug|x86
		{A3C6FA98-17B7-44D5-B842-C28451E749FC}.Debug|x86.Build.0 = Debug|x86
		{A3C6FA98-17B7-44D5-B842-C28451E749FC}.Debug|x86.Deploy.0 = Debug|x86
		{A3C6FA98-17B7-44D5-B842-C28451E749FC}.Release|Any CPU.ActiveCfg = Release|x86
		{A3C6FA98-17B7-44D5-B842-C28451E749FC}.Release|ARM.ActiveCfg = Release|ARM
		{A3C6FA98-17B7-44D5-B842-C28451E749FC}.Release|ARM.Build.0 = Release|ARM
		{A3C6FA98-17B7-44D5-B842-C28451E749FC}.Release|ARM.Deploy.0 = Release|ARM
		{A3C6FA98-17B7-44D5-B842-C28451E749FC}.Release|iPhone.ActiveCfg = Release|x86
		{A3C6FA98-17B7-44D5-B842-C28451E749FC}.Release|iPhoneSimulator.ActiveCfg = Release|x86
		{A3C6FA98-17B7-44D5-B842-C28451E749FC}.Release|x64.ActiveCfg = Release|x64
		{A3C6FA98-17B7-44D5-B842-C28451E749FC}.Release|x64.Build.0 = Release|x64
		{A3C6FA98-17B7-44D5-B842-C28451E749FC}.Release|x64.Deploy.0 = Release|x64
		{A3C6FA98-17B7-44D5-B842-C28451E749FC}.Release|x86.ActiveCfg = Release|x86
		{A3C6FA98-17B7-44D5-B842-C28451E749FC}.Release|x86.Build.0 = Release|x86
		{A3C6FA98-17B7-44D5-B842-C28451E749FC}.Release|x86.Deploy.0 = Release|x86
		{59F97931-0C64-45FA-A172-6E2204029C7A}.Ad-Hoc|Any CPU.ActiveCfg = Ad-Hoc|iPhone
		{59F97931-0C64-45FA-A172-6E2204029C7A}.Ad-Hoc|ARM.ActiveCfg = Ad-Hoc|iPhone
		{59F97931-0C64-45FA-A172-6E2204029C7A}.Ad-Hoc|iPhone.ActiveCfg = Ad-Hoc|iPhone
		{59F97931-0C64-45FA-A172-6E2204029C7A}.Ad-Hoc|iPhone.Build.0 = Ad-Hoc|iPhone
		{59F97931-0C64-45FA-A172-6E2204029C7A}.Ad-Hoc|iPhoneSimulator.ActiveCfg = Ad-Hoc|iPhoneSimulator
		{59F97931-0C64-45FA-A172-6E2204029C7A}.Ad-Hoc|iPhoneSimulator.Build.0 = Ad-Hoc|iPhoneSimulator
		{59F97931-0C64-45FA-A172-6E2204029C7A}.Ad-Hoc|x64.ActiveCfg = Ad-Hoc|iPhone
		{59F97931-0C64-45FA-A172-6E2204029C7A}.Ad-Hoc|x86.ActiveCfg = Ad-Hoc|iPhone
		{59F97931-0C64-45FA-A172-6E2204029C7A}.AppStore|Any CPU.ActiveCfg = AppStore|iPhone
		{59F97931-0C64-45FA-A172-6E2204029C7A}.AppStore|ARM.ActiveCfg = AppStore|iPhone
		{59F97931-0C64-45FA-A172-6E2204029C7A}.AppStore|iPhone.ActiveCfg = AppStore|iPhone
		{59F97931-0C64-45FA-A172-6E2204029C7A}.AppStore|iPhone.Build.0 = AppStore|iPhone
		{59F97931-0C64-45FA-A172-6E2204029C7A}.AppStore|iPhoneSimulator.ActiveCfg = AppStore|iPhoneSimulator
		{59F97931-0C64-45FA-A172-6E2204029C7A}.AppStore|iPhoneSimulator.Build.0 = AppStore|iPhoneSimulator
		{59F97931-0C64-45FA-A172-6E2204029C7A}.AppStore|x64.ActiveCfg = AppStore|iPhone
		{59F97931-0C64-45FA-A172-6E2204029C7A}.AppStore|x86.ActiveCfg = AppStore|iPhone
		{59F97931-0C64-45FA-A172-6E2204029C7A}.Debug|Any CPU.ActiveCfg = Debug|iPhone
		{59F97931-0C64-45FA-A172-6E2204029C7A}.Debug|Any CPU.Build.0 = Debug|iPhone
		{59F97931-0C64-45FA-A172-6E2204029C7A}.Debug|ARM.ActiveCfg = Debug|iPhone
		{59F97931-0C64-45FA-A172-6E2204029C7A}.Debug|iPhone.ActiveCfg = Debug|iPhone
		{59F97931-0C64-45FA-A172-6E2204029C7A}.Debug|iPhone.Build.0 = Debug|iPhone
		{59F97931-0C64-45FA-A172-6E2204029C7A}.Debug|iPhoneSimulator.ActiveCfg = Debug|iPhoneSimulator
		{59F97931-0C64-45FA-A172-6E2204029C7A}.Debug|iPhoneSimulator.Build.0 = Debug|iPhoneSimulator
		{59F97931-0C64-45FA-A172-6E2204029C7A}.Debug|x64.ActiveCfg = Debug|iPhone
		{59F97931-0C64-45FA-A172-6E2204029C7A}.Debug|x86.ActiveCfg = Debug|iPhone
		{59F97931-0C64-45FA-A172-6E2204029C7A}.Release|Any CPU.ActiveCfg = Release|iPhone
		{59F97931-0C64-45FA-A172-6E2204029C7A}.Release|ARM.ActiveCfg = Release|iPhone
		{59F97931-0C64-45FA-A172-6E2204029C7A}.Release|iPhone.ActiveCfg = Release|iPhone
		{59F97931-0C64-45FA-A172-6E2204029C7A}.Release|iPhone.Build.0 = Release|iPhone
		{59F97931-0C64-45FA-A172-6E2204029C7A}.Release|iPhoneSimulator.ActiveCfg = Release|iPhoneSimulator
		{59F97931-0C64-45FA-A172-6E2204029C7A}.Release|iPhoneSimulator.Build.0 = Release|iPhoneSimulator
		{59F97931-0C64-45FA-A172-6E2204029C7A}.Release|x64.ActiveCfg = Release|iPhone
		{59F97931-0C64-45FA-A172-6E2204029C7A}.Release|x86.ActiveCfg = Release|iPhone
	EndGlobalSection
	GlobalSection(SolutionProperties) = preSolution
		HideSolutionNode = FALSE
	EndGlobalSection
EndGlobal
